// !$*UTF8*$!
{
	archiveVersion = 1;
	classes = {
	};
	objectVersion = 50;
	objects = {

/* Begin PBXBuildFile section */
		AC2E1006218FADF2001C703B /* AppDelegate.swift in Sources */ = {isa = PBXBuildFile; fileRef = AC2E1005218FADF2001C703B /* AppDelegate.swift */; };
		AC2E1008218FADF2001C703B /* GameScene.sks in Resources */ = {isa = PBXBuildFile; fileRef = AC2E1007218FADF2001C703B /* GameScene.sks */; };
		AC2E100A218FADF2001C703B /* Actions.sks in Resources */ = {isa = PBXBuildFile; fileRef = AC2E1009218FADF2001C703B /* Actions.sks */; };
		AC2E100C218FADF2001C703B /* GameScene.swift in Sources */ = {isa = PBXBuildFile; fileRef = AC2E100B218FADF2001C703B /* GameScene.swift */; };
		AC2E100E218FADF2001C703B /* GameViewController.swift in Sources */ = {isa = PBXBuildFile; fileRef = AC2E100D218FADF2001C703B /* GameViewController.swift */; };
		AC2E1011218FADF2001C703B /* Main.storyboard in Resources */ = {isa = PBXBuildFile; fileRef = AC2E100F218FADF2001C703B /* Main.storyboard */; };
		AC2E1013218FADF3001C703B /* Assets.xcassets in Resources */ = {isa = PBXBuildFile; fileRef = AC2E1012218FADF3001C703B /* Assets.xcassets */; };
		AC2E1016218FADF3001C703B /* LaunchScreen.storyboard in Resources */ = {isa = PBXBuildFile; fileRef = AC2E1014218FADF3001C703B /* LaunchScreen.storyboard */; };
		AC980772218FB01600A1A3FB /* CoinSound.mp3 in Resources */ = {isa = PBXBuildFile; fileRef = AC980771218FB01600A1A3FB /* CoinSound.mp3 */; };
		AC980774218FB03300A1A3FB /* player.atlas in Resources */ = {isa = PBXBuildFile; fileRef = AC980773218FB03300A1A3FB /* player.atlas */; };
		AC980777218FB19600A1A3FB /* MenuViewController.swift in Sources */ = {isa = PBXBuildFile; fileRef = AC980776218FB19600A1A3FB /* MenuViewController.swift */; };
		AC980779218FB1BA00A1A3FB /* MenuView.swift in Sources */ = {isa = PBXBuildFile; fileRef = AC980778218FB1BA00A1A3FB /* MenuView.swift */; };
		AC98077E218FC49800A1A3FB /* Hermes-Regular.otf in Resources */ = {isa = PBXBuildFile; fileRef = AC98077D218FC49800A1A3FB /* Hermes-Regular.otf */; };
		AC980781218FCD6300A1A3FB /* GameElements.swift in Sources */ = {isa = PBXBuildFile; fileRef = AC980780218FCD6300A1A3FB /* GameElements.swift */; };
		AC980785218FE21300A1A3FB /* ship.atlas in Resources */ = {isa = PBXBuildFile; fileRef = AC980784218FE21300A1A3FB /* ship.atlas */; };
		AC980787218FE4D500A1A3FB /* ParallaxViewController.swift in Sources */ = {isa = PBXBuildFile; fileRef = AC980786218FE4D500A1A3FB /* ParallaxViewController.swift */; };
		AC980789218FE4EC00A1A3FB /* ParallaxView.swift in Sources */ = {isa = PBXBuildFile; fileRef = AC980788218FE4EC00A1A3FB /* ParallaxView.swift */; };
		AC98078B218FF5BF00A1A3FB /* Fire.sks in Resources */ = {isa = PBXBuildFile; fileRef = AC98078A218FF5BF00A1A3FB /* Fire.sks */; };
		AC98078D218FFB7D00A1A3FB /* Bullet.sks in Resources */ = {isa = PBXBuildFile; fileRef = AC98078C218FFB7D00A1A3FB /* Bullet.sks */; };
/* End PBXBuildFile section */

/* Begin PBXFileReference section */
		AC2E1002218FADF2001C703B /* FlappyShip.app */ = {isa = PBXFileReference; explicitFileType = wrapper.application; includeInIndex = 0; path = FlappyShip.app; sourceTree = BUILT_PRODUCTS_DIR; };
		AC2E1005218FADF2001C703B /* AppDelegate.swift */ = {isa = PBXFileReference; lastKnownFileType = sourcecode.swift; path = AppDelegate.swift; sourceTree = "<group>"; };
		AC2E1007218FADF2001C703B /* GameScene.sks */ = {isa = PBXFileReference; lastKnownFileType = file.sks; path = GameScene.sks; sourceTree = "<group>"; };
		AC2E1009218FADF2001C703B /* Actions.sks */ = {isa = PBXFileReference; lastKnownFileType = file.sks; path = Actions.sks; sourceTree = "<group>"; };
		AC2E100B218FADF2001C703B /* GameScene.swift */ = {isa = PBXFileReference; lastKnownFileType = sourcecode.swift; path = GameScene.swift; sourceTree = "<group>"; };
		AC2E100D218FADF2001C703B /* GameViewController.swift */ = {isa = PBXFileReference; lastKnownFileType = sourcecode.swift; path = GameViewController.swift; sourceTree = "<group>"; };
		AC2E1010218FADF2001C703B /* Base */ = {isa = PBXFileReference; lastKnownFileType = file.storyboard; name = Base; path = Base.lproj/Main.storyboard; sourceTree = "<group>"; };
		AC2E1012218FADF3001C703B /* Assets.xcassets */ = {isa = PBXFileReference; lastKnownFileType = folder.assetcatalog; path = Assets.xcassets; sourceTree = "<group>"; };
		AC2E1015218FADF3001C703B /* Base */ = {isa = PBXFileReference; lastKnownFileType = file.storyboard; name = Base; path = Base.lproj/LaunchScreen.storyboard; sourceTree = "<group>"; };
		AC2E1017218FADF3001C703B /* Info.plist */ = {isa = PBXFileReference; lastKnownFileType = text.plist.xml; path = Info.plist; sourceTree = "<group>"; };
		AC980771218FB01600A1A3FB /* CoinSound.mp3 */ = {isa = PBXFileReference; lastKnownFileType = audio.mp3; name = CoinSound.mp3; path = Resources/CoinSound.mp3; sourceTree = SOURCE_ROOT; };
		AC980773218FB03300A1A3FB /* player.atlas */ = {isa = PBXFileReference; lastKnownFileType = folder.skatlas; name = player.atlas; path = Resources/player.atlas; sourceTree = SOURCE_ROOT; };
		AC980776218FB19600A1A3FB /* MenuViewController.swift */ = {isa = PBXFileReference; lastKnownFileType = sourcecode.swift; path = MenuViewController.swift; sourceTree = "<group>"; };
		AC980778218FB1BA00A1A3FB /* MenuView.swift */ = {isa = PBXFileReference; lastKnownFileType = sourcecode.swift; path = MenuView.swift; sourceTree = "<group>"; };
		AC98077D218FC49800A1A3FB /* Hermes-Regular.otf */ = {isa = PBXFileReference; lastKnownFileType = file; name = "Hermes-Regular.otf"; path = "Resources/Fonts/Hermes-Regular.otf"; sourceTree = SOURCE_ROOT; };
		AC980780218FCD6300A1A3FB /* GameElements.swift */ = {isa = PBXFileReference; lastKnownFileType = sourcecode.swift; path = GameElements.swift; sourceTree = "<group>"; };
		AC980784218FE21300A1A3FB /* ship.atlas */ = {isa = PBXFileReference; lastKnownFileType = folder.skatlas; name = ship.atlas; path = "New Group/ship.atlas"; sourceTree = SOURCE_ROOT; };
		AC980786218FE4D500A1A3FB /* ParallaxViewController.swift */ = {isa = PBXFileReference; lastKnownFileType = sourcecode.swift; path = ParallaxViewController.swift; sourceTree = "<group>"; };
		AC980788218FE4EC00A1A3FB /* ParallaxView.swift */ = {isa = PBXFileReference; lastKnownFileType = sourcecode.swift; path = ParallaxView.swift; sourceTree = "<group>"; };
		AC98078A218FF5BF00A1A3FB /* Fire.sks */ = {isa = PBXFileReference; lastKnownFileType = file.sks; path = Fire.sks; sourceTree = "<group>"; };
		AC98078C218FFB7D00A1A3FB /* Bullet.sks */ = {isa = PBXFileReference; lastKnownFileType = file.sks; path = Bullet.sks; sourceTree = "<group>"; };
/* End PBXFileReference section */

/* Begin PBXFrameworksBuildPhase section */
		AC2E0FFF218FADF2001C703B /* Frameworks */ = {
			isa = PBXFrameworksBuildPhase;
			buildActionMask = 2147483647;
			files = (
			);
			runOnlyForDeploymentPostprocessing = 0;
		};
/* End PBXFrameworksBuildPhase section */

/* Begin PBXGroup section */
		AC2E0FF9218FADF2001C703B = {
			isa = PBXGroup;
			children = (
				AC98077F218FCD5300A1A3FB /* Common */,
				AC980775218FB10100A1A3FB /* Screens */,
				AC980770218FAFD600A1A3FB /* Resources */,
				AC2E1004218FADF2001C703B /* FlappyShip */,
				AC2E1003218FADF2001C703B /* Products */,
			);
			sourceTree = "<group>";
		};
		AC2E1003218FADF2001C703B /* Products */ = {
			isa = PBXGroup;
			children = (
				AC2E1002218FADF2001C703B /* FlappyShip.app */,
			);
			name = Products;
			sourceTree = "<group>";
		};
		AC2E1004218FADF2001C703B /* FlappyShip */ = {
			isa = PBXGroup;
			children = (
				AC2E1005218FADF2001C703B /* AppDelegate.swift */,
				AC2E1007218FADF2001C703B /* GameScene.sks */,
				AC2E1009218FADF2001C703B /* Actions.sks */,
				AC2E100F218FADF2001C703B /* Main.storyboard */,
				AC2E1012218FADF3001C703B /* Assets.xcassets */,
				AC2E1014218FADF3001C703B /* LaunchScreen.storyboard */,
				AC2E1017218FADF3001C703B /* Info.plist */,
				AC98078A218FF5BF00A1A3FB /* Fire.sks */,
				AC98078C218FFB7D00A1A3FB /* Bullet.sks */,
			);
			path = FlappyShip;
			sourceTree = "<group>";
		};
		AC980770218FAFD600A1A3FB /* Resources */ = {
			isa = PBXGroup;
			children = (
				AC98077C218FC48F00A1A3FB /* Fonts */,
				AC980784218FE21300A1A3FB /* ship.atlas */,
				AC980773218FB03300A1A3FB /* player.atlas */,
				AC980771218FB01600A1A3FB /* CoinSound.mp3 */,
			);
			name = Resources;
			path = "New Group";
			sourceTree = "<group>";
		};
		AC980775218FB10100A1A3FB /* Screens */ = {
			isa = PBXGroup;
			children = (
				AC2E100D218FADF2001C703B /* GameViewController.swift */,
				AC2E100B218FADF2001C703B /* GameScene.swift */,
				AC980776218FB19600A1A3FB /* MenuViewController.swift */,
				AC980778218FB1BA00A1A3FB /* MenuView.swift */,
				AC980786218FE4D500A1A3FB /* ParallaxViewController.swift */,
				AC980788218FE4EC00A1A3FB /* ParallaxView.swift */,
			);
			path = Screens;
			sourceTree = "<group>";
		};
		AC98077C218FC48F00A1A3FB /* Fonts */ = {
			isa = PBXGroup;
			children = (
				AC98077D218FC49800A1A3FB /* Hermes-Regular.otf */,
			);
			path = Fonts;
			sourceTree = "<group>";
		};
		AC98077F218FCD5300A1A3FB /* Common */ = {
			isa = PBXGroup;
			children = (
				AC980780218FCD6300A1A3FB /* GameElements.swift */,
			);
			path = Common;
			sourceTree = "<group>";
		};
/* End PBXGroup section */

/* Begin PBXNativeTarget section */
		AC2E1001218FADF2001C703B /* FlappyShip */ = {
			isa = PBXNativeTarget;
			buildConfigurationList = AC2E101A218FADF3001C703B /* Build configuration list for PBXNativeTarget "FlappyShip" */;
			buildPhases = (
				AC2E0FFE218FADF2001C703B /* Sources */,
				AC2E0FFF218FADF2001C703B /* Frameworks */,
				AC2E1000218FADF2001C703B /* Resources */,
			);
			buildRules = (
			);
			dependencies = (
			);
			name = FlappyShip;
			productName = FlappyShip;
			productReference = AC2E1002218FADF2001C703B /* FlappyShip.app */;
			productType = "com.apple.product-type.application";
		};
/* End PBXNativeTarget section */

/* Begin PBXProject section */
		AC2E0FFA218FADF2001C703B /* Project object */ = {
			isa = PBXProject;
			attributes = {
				LastSwiftUpdateCheck = 1010;
				LastUpgradeCheck = 1010;
				ORGANIZATIONNAME = idevcode;
				TargetAttributes = {
					AC2E1001218FADF2001C703B = {
						CreatedOnToolsVersion = 10.1;
					};
				};
			};
			buildConfigurationList = AC2E0FFD218FADF2001C703B /* Build configuration list for PBXProject "FlappyShip" */;
			compatibilityVersion = "Xcode 9.3";
			developmentRegion = en;
			hasScannedForEncodings = 0;
			knownRegions = (
				en,
				Base,
			);
			mainGroup = AC2E0FF9218FADF2001C703B;
			productRefGroup = AC2E1003218FADF2001C703B /* Products */;
			projectDirPath = "";
			projectRoot = "";
			targets = (
				AC2E1001218FADF2001C703B /* FlappyShip */,
			);
		};
/* End PBXProject section */

/* Begin PBXResourcesBuildPhase section */
		AC2E1000218FADF2001C703B /* Resources */ = {
			isa = PBXResourcesBuildPhase;
			buildActionMask = 2147483647;
			files = (
				AC2E1011218FADF2001C703B /* Main.storyboard in Resources */,
				AC98078D218FFB7D00A1A3FB /* Bullet.sks in Resources */,
				AC980772218FB01600A1A3FB /* CoinSound.mp3 in Resources */,
				AC2E1008218FADF2001C703B /* GameScene.sks in Resources */,
				AC98078B218FF5BF00A1A3FB /* Fire.sks in Resources */,
				AC2E1013218FADF3001C703B /* Assets.xcassets in Resources */,
				AC98077E218FC49800A1A3FB /* Hermes-Regular.otf in Resources */,
				AC980774218FB03300A1A3FB /* player.atlas in Resources */,
				AC2E1016218FADF3001C703B /* LaunchScreen.storyboard in Resources */,
				AC2E100A218FADF2001C703B /* Actions.sks in Resources */,
				AC980785218FE21300A1A3FB /* ship.atlas in Resources */,
			);
			runOnlyForDeploymentPostprocessing = 0;
		};
/* End PBXResourcesBuildPhase section */

/* Begin PBXSourcesBuildPhase section */
		AC2E0FFE218FADF2001C703B /* Sources */ = {
			isa = PBXSourcesBuildPhase;
			buildActionMask = 2147483647;
			files = (
				AC980781218FCD6300A1A3FB /* GameElements.swift in Sources */,
				AC980779218FB1BA00A1A3FB /* MenuView.swift in Sources */,
				AC2E100C218FADF2001C703B /* GameScene.swift in Sources */,
				AC2E100E218FADF2001C703B /* GameViewController.swift in Sources */,
				AC2E1006218FADF2001C703B /* AppDelegate.swift in Sources */,
				AC980789218FE4EC00A1A3FB /* ParallaxView.swift in Sources */,
				AC980787218FE4D500A1A3FB /* ParallaxViewController.swift in Sources */,
				AC980777218FB19600A1A3FB /* MenuViewController.swift in Sources */,
			);
			runOnlyForDeploymentPostprocessing = 0;
		};
/* End PBXSourcesBuildPhase section */

/* Begin PBXVariantGroup section */
		AC2E100F218FADF2001C703B /* Main.storyboard */ = {
			isa = PBXVariantGroup;
			children = (
				AC2E1010218FADF2001C703B /* Base */,
			);
			name = Main.storyboard;
			sourceTree = "<group>";
		};
		AC2E1014218FADF3001C703B /* LaunchScreen.storyboard */ = {
			isa = PBXVariantGroup;
			children = (
				AC2E1015218FADF3001C703B /* Base */,
			);
			name = LaunchScreen.storyboard;
			sourceTree = "<group>";
		};
/* End PBXVariantGroup section */

/* Begin XCBuildConfiguration section */
		AC2E1018218FADF3001C703B /* Debug */ = {
			isa = XCBuildConfiguration;
			buildSettings = {
				ALWAYS_SEARCH_USER_PATHS = NO;
				CLANG_ANALYZER_NONNULL = YES;
				CLANG_ANALYZER_NUMBER_OBJECT_CONVERSION = YES_AGGRESSIVE;
				CLANG_CXX_LANGUAGE_STANDARD = "gnu++14";
				CLANG_CXX_LIBRARY = "libc++";
				CLANG_ENABLE_MODULES = YES;
				CLANG_ENABLE_OBJC_ARC = YES;
				CLANG_ENABLE_OBJC_WEAK = YES;
				CLANG_WARN_BLOCK_CAPTURE_AUTORELEASING = YES;
				CLANG_WARN_BOOL_CONVERSION = YES;
				CLANG_WARN_COMMA = YES;
				CLANG_WARN_CONSTANT_CONVERSION = YES;
				CLANG_WARN_DEPRECATED_OBJC_IMPLEMENTATIONS = YES;
				CLANG_WARN_DIRECT_OBJC_ISA_USAGE = YES_ERROR;
				CLANG_WARN_DOCUMENTATION_COMMENTS = YES;
				CLANG_WARN_EMPTY_BODY = YES;
				CLANG_WARN_ENUM_CONVERSION = YES;
				CLANG_WARN_INFINITE_RECURSION = YES;
				CLANG_WARN_INT_CONVERSION = YES;
				CLANG_WARN_NON_LITERAL_NULL_CONVERSION = YES;
				CLANG_WARN_OBJC_IMPLICIT_RETAIN_SELF = YES;
				CLANG_WARN_OBJC_LITERAL_CONVERSION = YES;
				CLANG_WARN_OBJC_ROOT_CLASS = YES_ERROR;
				CLANG_WARN_RANGE_LOOP_ANALYSIS = YES;
				CLANG_WARN_STRICT_PROTOTYPES = YES;
				CLANG_WARN_SUSPICIOUS_MOVE = YES;
				CLANG_WARN_UNGUARDED_AVAILABILITY = YES_AGGRESSIVE;
				CLANG_WARN_UNREACHABLE_CODE = YES;
				CLANG_WARN__DUPLICATE_METHOD_MATCH = YES;
				CODE_SIGN_IDENTITY = "iPhone Developer";
				COPY_PHASE_STRIP = NO;
				DEBUG_INFORMATION_FORMAT = dwarf;
				ENABLE_STRICT_OBJC_MSGSEND = YES;
				ENABLE_TESTABILITY = YES;
				GCC_C_LANGUAGE_STANDARD = gnu11;
				GCC_DYNAMIC_NO_PIC = NO;
				GCC_NO_COMMON_BLOCKS = YES;
				GCC_OPTIMIZATION_LEVEL = 0;
				GCC_PREPROCESSOR_DEFINITIONS = (
					"DEBUG=1",
					"$(inherited)",
				);
				GCC_WARN_64_TO_32_BIT_CONVERSION = YES;
				GCC_WARN_ABOUT_RETURN_TYPE = YES_ERROR;
				GCC_WARN_UNDECLARED_SELECTOR = YES;
				GCC_WARN_UNINITIALIZED_AUTOS = YES_AGGRESSIVE;
				GCC_WARN_UNUSED_FUNCTION = YES;
				GCC_WARN_UNUSED_VARIABLE = YES;
				IPHONEOS_DEPLOYMENT_TARGET = 12.1;
				MTL_ENABLE_DEBUG_INFO = INCLUDE_SOURCE;
				MTL_FAST_MATH = YES;
				ONLY_ACTIVE_ARCH = YES;
				SDKROOT = iphoneos;
				SWIFT_ACTIVE_COMPILATION_CONDITIONS = DEBUG;
				SWIFT_OPTIMIZATION_LEVEL = "-Onone";
			};
			name = Debug;
		};
		AC2E1019218FADF3001C703B /* Release */ = {
			isa = XCBuildConfiguration;
			buildSettings = {
				ALWAYS_SEARCH_USER_PATHS = NO;
				CLANG_ANALYZER_NONNULL = YES;
				CLANG_ANALYZER_NUMBER_OBJECT_CONVERSION = YES_AGGRESSIVE;
				CLANG_CXX_LANGUAGE_STANDARD = "gnu++14";
				CLANG_CXX_LIBRARY = "libc++";
				CLANG_ENABLE_MODULES = YES;
				CLANG_ENABLE_OBJC_ARC = YES;
				CLANG_ENABLE_OBJC_WEAK = YES;
				CLANG_WARN_BLOCK_CAPTURE_AUTORELEASING = YES;
				CLANG_WARN_BOOL_CONVERSION = YES;
				CLANG_WARN_COMMA = YES;
				CLANG_WARN_CONSTANT_CONVERSION = YES;
				CLANG_WARN_DEPRECATED_OBJC_IMPLEMENTATIONS = YES;
				CLANG_WARN_DIRECT_OBJC_ISA_USAGE = YES_ERROR;
				CLANG_WARN_DOCUMENTATION_COMMENTS = YES;
				CLANG_WARN_EMPTY_BODY = YES;
				CLANG_WARN_ENUM_CONVERSION = YES;
				CLANG_WARN_INFINITE_RECURSION = YES;
				CLANG_WARN_INT_CONVERSION = YES;
				CLANG_WARN_NON_LITERAL_NULL_CONVERSION = YES;
				CLANG_WARN_OBJC_IMPLICIT_RETAIN_SELF = YES;
				CLANG_WARN_OBJC_LITERAL_CONVERSION = YES;
				CLANG_WARN_OBJC_ROOT_CLASS = YES_ERROR;
				CLANG_WARN_RANGE_LOOP_ANALYSIS = YES;
				CLANG_WARN_STRICT_PROTOTYPES = YES;
				CLANG_WARN_SUSPICIOUS_MOVE = YES;
				CLANG_WARN_UNGUARDED_AVAILABILITY = YES_AGGRESSIVE;
				CLANG_WARN_UNREACHABLE_CODE = YES;
				CLANG_WARN__DUPLICATE_METHOD_MATCH = YES;
				CODE_SIGN_IDENTITY = "iPhone Developer";
				COPY_PHASE_STRIP = NO;
				DEBUG_INFORMATION_FORMAT = "dwarf-with-dsym";
				ENABLE_NS_ASSERTIONS = NO;
				ENABLE_STRICT_OBJC_MSGSEND = YES;
				GCC_C_LANGUAGE_STANDARD = gnu11;
				GCC_NO_COMMON_BLOCKS = YES;
				GCC_WARN_64_TO_32_BIT_CONVERSION = YES;
				GCC_WARN_ABOUT_RETURN_TYPE = YES_ERROR;
				GCC_WARN_UNDECLARED_SELECTOR = YES;
				GCC_WARN_UNINITIALIZED_AUTOS = YES_AGGRESSIVE;
				GCC_WARN_UNUSED_FUNCTION = YES;
				GCC_WARN_UNUSED_VARIABLE = YES;
				IPHONEOS_DEPLOYMENT_TARGET = 12.1;
				MTL_ENABLE_DEBUG_INFO = NO;
				MTL_FAST_MATH = YES;
				SDKROOT = iphoneos;
				SWIFT_COMPILATION_MODE = wholemodule;
				SWIFT_OPTIMIZATION_LEVEL = "-O";
				VALIDATE_PRODUCT = YES;
			};
			name = Release;
		};
		AC2E101B218FADF3001C703B /* Debug */ = {
			isa = XCBuildConfiguration;
			buildSettings = {
				ASSETCATALOG_COMPILER_APPICON_NAME = AppIcon;
				CODE_SIGN_STYLE = Automatic;
				DEVELOPMENT_TEAM = 788WMGHEL8;
				INFOPLIST_FILE = FlappyShip/Info.plist;
				IPHONEOS_DEPLOYMENT_TARGET = 12.0;
				LD_RUNPATH_SEARCH_PATHS = (
					"$(inherited)",
					"@executable_path/Frameworks",
				);
				PRODUCT_BUNDLE_IDENTIFIER = com.idevcode.FlappyShip;
				PRODUCT_NAME = "$(TARGET_NAME)";
				SWIFT_VERSION = 4.2;
				TARGETED_DEVICE_FAMILY = 1;
			};
			name = Debug;
		};
		AC2E101C218FADF3001C703B /* Release */ = {
			isa = XCBuildConfiguration;
			buildSettings = {
				ASSETCATALOG_COMPILER_APPICON_NAME = AppIcon;
				CODE_SIGN_STYLE = Automatic;
				DEVELOPMENT_TEAM = 788WMGHEL8;
				INFOPLIST_FILE = FlappyShip/Info.plist;
				IPHONEOS_DEPLOYMENT_TARGET = 12.0;
				LD_RUNPATH_SEARCH_PATHS = (
					"$(inherited)",
					"@executable_path/Frameworks",
				);
				PRODUCT_BUNDLE_IDENTIFIER = com.idevcode.FlappyShip;
				PRODUCT_NAME = "$(TARGET_NAME)";
				SWIFT_VERSION = 4.2;
				TARGETED_DEVICE_FAMILY = 1;
			};
			name = Release;
		};
/* End XCBuildConfiguration section */

/* Begin XCConfigurationList section */
		AC2E0FFD218FADF2001C703B /* Build configuration list for PBXProject "FlappyShip" */ = {
			isa = XCConfigurationList;
			buildConfigurations = (
				AC2E1018218FADF3001C703B /* Debug */,
				AC2E1019218FADF3001C703B /* Release */,
			);
			defaultConfigurationIsVisible = 0;
			defaultConfigurationName = Release;
		};
		AC2E101A218FADF3001C703B /* Build configuration list for PBXNativeTarget "FlappyShip" */ = {
			isa = XCConfigurationList;
			buildConfigurations = (
				AC2E101B218FADF3001C703B /* Debug */,
				AC2E101C218FADF3001C703B /* Release */,
			);
			defaultConfigurationIsVisible = 0;
			defaultConfigurationName = Release;
		};
/* End XCConfigurationList section */
	};
	rootObject = AC2E0FFA218FADF2001C703B /* Project object */;
}
